// !$*UTF8*$!
{
	archiveVersion = 1;
	classes = {
	};
	objectVersion = 55;
	objects = {

/* Begin PBXBuildFile section */
		196C4C5B28AE770000C57AFB /* ChatAppApp.swift in Sources */ = {isa = PBXBuildFile; fileRef = 196C4C5A28AE770000C57AFB /* ChatAppApp.swift */; };
		196C4C5D28AE770000C57AFB /* ContentView.swift in Sources */ = {isa = PBXBuildFile; fileRef = 196C4C5C28AE770000C57AFB /* ContentView.swift */; };
		196C4C5F28AE770200C57AFB /* Assets.xcassets in Resources */ = {isa = PBXBuildFile; fileRef = 196C4C5E28AE770200C57AFB /* Assets.xcassets */; };
		196C4C6228AE770200C57AFB /* Preview Assets.xcassets in Resources */ = {isa = PBXBuildFile; fileRef = 196C4C6128AE770200C57AFB /* Preview Assets.xcassets */; };
		196C4C6C28AE770200C57AFB /* ChatAppTests.swift in Sources */ = {isa = PBXBuildFile; fileRef = 196C4C6B28AE770200C57AFB /* ChatAppTests.swift */; };
		196C4C7628AE770200C57AFB /* ChatAppUITests.swift in Sources */ = {isa = PBXBuildFile; fileRef = 196C4C7528AE770200C57AFB /* ChatAppUITests.swift */; };
		196C4C7828AE770200C57AFB /* ChatAppUITestsLaunchTests.swift in Sources */ = {isa = PBXBuildFile; fileRef = 196C4C7728AE770200C57AFB /* ChatAppUITestsLaunchTests.swift */; };
/* End PBXBuildFile section */

/* Begin PBXContainerItemProxy section */
		196C4C6828AE770200C57AFB /* PBXContainerItemProxy */ = {
			isa = PBXContainerItemProxy;
			containerPortal = 196C4C4F28AE770000C57AFB /* Project object */;
			proxyType = 1;
			remoteGlobalIDString = 196C4C5628AE770000C57AFB;
			remoteInfo = ChatApp;
		};
		196C4C7228AE770200C57AFB /* PBXContainerItemProxy */ = {
			isa = PBXContainerItemProxy;
			containerPortal = 196C4C4F28AE770000C57AFB /* Project object */;
			proxyType = 1;
			remoteGlobalIDString = 196C4C5628AE770000C57AFB;
			remoteInfo = ChatApp;
		};
/* End PBXContainerItemProxy section */

/* Begin PBXFileReference section */
		196C4C5728AE770000C57AFB /* ChatApp.app */ = {isa = PBXFileReference; explicitFileType = wrapper.application; includeInIndex = 0; path = ChatApp.app; sourceTree = BUILT_PRODUCTS_DIR; };
		196C4C5A28AE770000C57AFB /* ChatAppApp.swift */ = {isa = PBXFileReference; lastKnownFileType = sourcecode.swift; path = ChatAppApp.swift; sourceTree = "<group>"; };
		196C4C5C28AE770000C57AFB /* ContentView.swift */ = {isa = PBXFileReference; lastKnownFileType = sourcecode.swift; path = ContentView.swift; sourceTree = "<group>"; };
		196C4C5E28AE770200C57AFB /* Assets.xcassets */ = {isa = PBXFileReference; lastKnownFileType = folder.assetcatalog; path = Assets.xcassets; sourceTree = "<group>"; };
		196C4C6128AE770200C57AFB /* Preview Assets.xcassets */ = {isa = PBXFileReference; lastKnownFileType = folder.assetcatalog; path = "Preview Assets.xcassets"; sourceTree = "<group>"; };
		196C4C6728AE770200C57AFB /* ChatAppTests.xctest */ = {isa = PBXFileReference; explicitFileType = wrapper.cfbundle; includeInIndex = 0; path = ChatAppTests.xctest; sourceTree = BUILT_PRODUCTS_DIR; };
		196C4C6B28AE770200C57AFB /* ChatAppTests.swift */ = {isa = PBXFileReference; lastKnownFileType = sourcecode.swift; path = ChatAppTests.swift; sourceTree = "<group>"; };
		196C4C7128AE770200C57AFB /* ChatAppUITests.xctest */ = {isa = PBXFileReference; explicitFileType = wrapper.cfbundle; includeInIndex = 0; path = ChatAppUITests.xctest; sourceTree = BUILT_PRODUCTS_DIR; };
		196C4C7528AE770200C57AFB /* ChatAppUITests.swift */ = {isa = PBXFileReference; lastKnownFileType = sourcecode.swift; path = ChatAppUITests.swift; sourceTree = "<group>"; };
		196C4C7728AE770200C57AFB /* ChatAppUITestsLaunchTests.swift */ = {isa = PBXFileReference; lastKnownFileType = sourcecode.swift; path = ChatAppUITestsLaunchTests.swift; sourceTree = "<group>"; };
/* End PBXFileReference section */

/* Begin PBXFrameworksBuildPhase section */
		196C4C5428AE770000C57AFB /* Frameworks */ = {
			isa = PBXFrameworksBuildPhase;
			buildActionMask = 2147483647;
			files = (
			);
			runOnlyForDeploymentPostprocessing = 0;
		};
		196C4C6428AE770200C57AFB /* Frameworks */ = {
			isa = PBXFrameworksBuildPhase;
			buildActionMask = 2147483647;
			files = (
			);
			runOnlyForDeploymentPostprocessing = 0;
		};
		196C4C6E28AE770200C57AFB /* Frameworks */ = {
			isa = PBXFrameworksBuildPhase;
			buildActionMask = 2147483647;
			files = (
			);
			runOnlyForDeploymentPostprocessing = 0;
		};
/* End PBXFrameworksBuildPhase section */

/* Begin PBXGroup section */
		196C4C4E28AE770000C57AFB = {
			isa = PBXGroup;
			children = (
				196C4C5928AE770000C57AFB /* ChatApp */,
				196C4C6A28AE770200C57AFB /* ChatAppTests */,
				196C4C7428AE770200C57AFB /* ChatAppUITests */,
				196C4C5828AE770000C57AFB /* Products */,
			);
			sourceTree = "<group>";
		};
		196C4C5828AE770000C57AFB /* Products */ = {
			isa = PBXGroup;
			children = (
				196C4C5728AE770000C57AFB /* ChatApp.app */,
				196C4C6728AE770200C57AFB /* ChatAppTests.xctest */,
				196C4C7128AE770200C57AFB /* ChatAppUITests.xctest */,
			);
			name = Products;
			sourceTree = "<group>";
		};
		196C4C5928AE770000C57AFB /* ChatApp */ = {
			isa = PBXGroup;
			children = (
				196C4C5A28AE770000C57AFB /* ChatAppApp.swift */,
				196C4C5C28AE770000C57AFB /* ContentView.swift */,
				196C4C5E28AE770200C57AFB /* Assets.xcassets */,
				196C4C6028AE770200C57AFB /* Preview Content */,
			);
			path = ChatApp;
			sourceTree = "<group>";
		};
		196C4C6028AE770200C57AFB /* Preview Content */ = {
			isa = PBXGroup;
			children = (
				196C4C6128AE770200C57AFB /* Preview Assets.xcassets */,
			);
			path = "Preview Content";
			sourceTree = "<group>";
		};
		196C4C6A28AE770200C57AFB /* ChatAppTests */ = {
			isa = PBXGroup;
			children = (
				196C4C6B28AE770200C57AFB /* ChatAppTests.swift */,
			);
			path = ChatAppTests;
			sourceTree = "<group>";
		};
		196C4C7428AE770200C57AFB /* ChatAppUITests */ = {
			isa = PBXGroup;
			children = (
				196C4C7528AE770200C57AFB /* ChatAppUITests.swift */,
				196C4C7728AE770200C57AFB /* ChatAppUITestsLaunchTests.swift */,
			);
			path = ChatAppUITests;
			sourceTree = "<group>";
		};
/* End PBXGroup section */

/* Begin PBXNativeTarget section */
		196C4C5628AE770000C57AFB /* ChatApp */ = {
			isa = PBXNativeTarget;
			buildConfigurationList = 196C4C7B28AE770200C57AFB /* Build configuration list for PBXNativeTarget "ChatApp" */;
			buildPhases = (
				196C4C5328AE770000C57AFB /* Sources */,
				196C4C5428AE770000C57AFB /* Frameworks */,
				196C4C5528AE770000C57AFB /* Resources */,
			);
			buildRules = (
			);
			dependencies = (
			);
			name = ChatApp;
			productName = ChatApp;
			productReference = 196C4C5728AE770000C57AFB /* ChatApp.app */;
			productType = "com.apple.product-type.application";
		};
		196C4C6628AE770200C57AFB /* ChatAppTests */ = {
			isa = PBXNativeTarget;
			buildConfigurationList = 196C4C7E28AE770200C57AFB /* Build configuration list for PBXNativeTarget "ChatAppTests" */;
			buildPhases = (
				196C4C6328AE770200C57AFB /* Sources */,
				196C4C6428AE770200C57AFB /* Frameworks */,
				196C4C6528AE770200C57AFB /* Resources */,
			);
			buildRules = (
			);
			dependencies = (
				196C4C6928AE770200C57AFB /* PBXTargetDependency */,
			);
			name = ChatAppTests;
			productName = ChatAppTests;
			productReference = 196C4C6728AE770200C57AFB /* ChatAppTests.xctest */;
			productType = "com.apple.product-type.bundle.unit-test";
		};
		196C4C7028AE770200C57AFB /* ChatAppUITests */ = {
			isa = PBXNativeTarget;
			buildConfigurationList = 196C4C8128AE770200C57AFB /* Build configuration list for PBXNativeTarget "ChatAppUITests" */;
			buildPhases = (
				196C4C6D28AE770200C57AFB /* Sources */,
				196C4C6E28AE770200C57AFB /* Frameworks */,
				196C4C6F28AE770200C57AFB /* Resources */,
			);
			buildRules = (
			);
			dependencies = (
				196C4C7328AE770200C57AFB /* PBXTargetDependency */,
			);
			name = ChatAppUITests;
			productName = ChatAppUITests;
			productReference = 196C4C7128AE770200C57AFB /* ChatAppUITests.xctest */;
			productType = "com.apple.product-type.bundle.ui-testing";
		};
/* End PBXNativeTarget section */

/* Begin PBXProject section */
		196C4C4F28AE770000C57AFB /* Project object */ = {
			isa = PBXProject;
			attributes = {
				BuildIndependentTargetsInParallel = 1;
				LastSwiftUpdateCheck = 1320;
				LastUpgradeCheck = 1320;
				TargetAttributes = {
					196C4C5628AE770000C57AFB = {
						CreatedOnToolsVersion = 13.2.1;
					};
					196C4C6628AE770200C57AFB = {
						CreatedOnToolsVersion = 13.2.1;
						TestTargetID = 196C4C5628AE770000C57AFB;
					};
					196C4C7028AE770200C57AFB = {
						CreatedOnToolsVersion = 13.2.1;
						TestTargetID = 196C4C5628AE770000C57AFB;
					};
				};
			};
			buildConfigurationList = 196C4C5228AE770000C57AFB /* Build configuration list for PBXProject "ChatApp" */;
			compatibilityVersion = "Xcode 13.0";
			developmentRegion = en;
			hasScannedForEncodings = 0;
			knownRegions = (
				en,
				Base,
			);
			mainGroup = 196C4C4E28AE770000C57AFB;
			productRefGroup = 196C4C5828AE770000C57AFB /* Products */;
			projectDirPath = "";
			projectRoot = "";
			targets = (
				196C4C5628AE770000C57AFB /* ChatApp */,
				196C4C6628AE770200C57AFB /* ChatAppTests */,
				196C4C7028AE770200C57AFB /* ChatAppUITests */,
			);
		};
/* End PBXProject section */

/* Begin PBXResourcesBuildPhase section */
		196C4C5528AE770000C57AFB /* Resources */ = {
			isa = PBXResourcesBuildPhase;
			buildActionMask = 2147483647;
			files = (
				196C4C6228AE770200C57AFB /* Preview Assets.xcassets in Resources */,
				196C4C5F28AE770200C57AFB /* Assets.xcassets in Resources */,
			);
			runOnlyForDeploymentPostprocessing = 0;
		};
		196C4C6528AE770200C57AFB /* Resources */ = {
			isa = PBXResourcesBuildPhase;
			buildActionMask = 2147483647;
			files = (
			);
			runOnlyForDeploymentPostprocessing = 0;
		};
		196C4C6F28AE770200C57AFB /* Resources */ = {
			isa = PBXResourcesBuildPhase;
			buildActionMask = 2147483647;
			files = (
			);
			runOnlyForDeploymentPostprocessing = 0;
		};
/* End PBXResourcesBuildPhase section */

/* Begin PBXSourcesBuildPhase section */
		196C4C5328AE770000C57AFB /* Sources */ = {
			isa = PBXSourcesBuildPhase;
			buildActionMask = 2147483647;
			files = (
				196C4C5D28AE770000C57AFB /* ContentView.swift in Sources */,
				196C4C5B28AE770000C57AFB /* ChatAppApp.swift in Sources */,
			);
			runOnlyForDeploymentPostprocessing = 0;
		};
		196C4C6328AE770200C57AFB /* Sources */ = {
			isa = PBXSourcesBuildPhase;
			buildActionMask = 2147483647;
			files = (
				196C4C6C28AE770200C57AFB /* ChatAppTests.swift in Sources */,
			);
			runOnlyForDeploymentPostprocessing = 0;
		};
		196C4C6D28AE770200C57AFB /* Sources */ = {
			isa = PBXSourcesBuildPhase;
			buildActionMask = 2147483647;
			files = (
				196C4C7828AE770200C57AFB /* ChatAppUITestsLaunchTests.swift in Sources */,
				196C4C7628AE770200C57AFB /* ChatAppUITests.swift in Sources */,
			);
			runOnlyForDeploymentPostprocessing = 0;
		};
/* End PBXSourcesBuildPhase section */

/* Begin PBXTargetDependency section */
		196C4C6928AE770200C57AFB /* PBXTargetDependency */ = {
			isa = PBXTargetDependency;
			target = 196C4C5628AE770000C57AFB /* ChatApp */;
			targetProxy = 196C4C6828AE770200C57AFB /* PBXContainerItemProxy */;
		};
		196C4C7328AE770200C57AFB /* PBXTargetDependency */ = {
			isa = PBXTargetDependency;
			target = 196C4C5628AE770000C57AFB /* ChatApp */;
			targetProxy = 196C4C7228AE770200C57AFB /* PBXContainerItemProxy */;
		};
/* End PBXTargetDependency section */

/* Begin XCBuildConfiguration section */
		196C4C7928AE770200C57AFB /* Debug */ = {
			isa = XCBuildConfiguration;
			buildSettings = {
				ALWAYS_SEARCH_USER_PATHS = NO;
				CLANG_ANALYZER_NONNULL = YES;
				CLANG_ANALYZER_NUMBER_OBJECT_CONVERSION = YES_AGGRESSIVE;
				CLANG_CXX_LANGUAGE_STANDARD = "gnu++17";
				CLANG_CXX_LIBRARY = "libc++";
				CLANG_ENABLE_MODULES = YES;
				CLANG_ENABLE_OBJC_ARC = YES;
				CLANG_ENABLE_OBJC_WEAK = YES;
				CLANG_WARN_BLOCK_CAPTURE_AUTORELEASING = YES;
				CLANG_WARN_BOOL_CONVERSION = YES;
				CLANG_WARN_COMMA = YES;
				CLANG_WARN_CONSTANT_CONVERSION = YES;
				CLANG_WARN_DEPRECATED_OBJC_IMPLEMENTATIONS = YES;
				CLANG_WARN_DIRECT_OBJC_ISA_USAGE = YES_ERROR;
				CLANG_WARN_DOCUMENTATION_COMMENTS = YES;
				CLANG_WARN_EMPTY_BODY = YES;
				CLANG_WARN_ENUM_CONVERSION = YES;
				CLANG_WARN_INFINITE_RECURSION = YES;
				CLANG_WARN_INT_CONVERSION = YES;
				CLANG_WARN_NON_LITERAL_NULL_CONVERSION = YES;
				CLANG_WARN_OBJC_IMPLICIT_RETAIN_SELF = YES;
				CLANG_WARN_OBJC_LITERAL_CONVERSION = YES;
				CLANG_WARN_OBJC_ROOT_CLASS = YES_ERROR;
				CLANG_WARN_QUOTED_INCLUDE_IN_FRAMEWORK_HEADER = YES;
				CLANG_WARN_RANGE_LOOP_ANALYSIS = YES;
				CLANG_WARN_STRICT_PROTOTYPES = YES;
				CLANG_WARN_SUSPICIOUS_MOVE = YES;
				CLANG_WARN_UNGUARDED_AVAILABILITY = YES_AGGRESSIVE;
				CLANG_WARN_UNREACHABLE_CODE = YES;
				CLANG_WARN__DUPLICATE_METHOD_MATCH = YES;
				COPY_PHASE_STRIP = NO;
				DEBUG_INFORMATION_FORMAT = dwarf;
				ENABLE_STRICT_OBJC_MSGSEND = YES;
				ENABLE_TESTABILITY = YES;
				GCC_C_LANGUAGE_STANDARD = gnu11;
				GCC_DYNAMIC_NO_PIC = NO;
				GCC_NO_COMMON_BLOCKS = YES;
				GCC_OPTIMIZATION_LEVEL = 0;
				GCC_PREPROCESSOR_DEFINITIONS = (
					"DEBUG=1",
					"$(inherited)",
				);
				GCC_WARN_64_TO_32_BIT_CONVERSION = YES;
				GCC_WARN_ABOUT_RETURN_TYPE = YES_ERROR;
				GCC_WARN_UNDECLARED_SELECTOR = YES;
				GCC_WARN_UNINITIALIZED_AUTOS = YES_AGGRESSIVE;
				GCC_WARN_UNUSED_FUNCTION = YES;
				GCC_WARN_UNUSED_VARIABLE = YES;
				IPHONEOS_DEPLOYMENT_TARGET = 15.2;
				MTL_ENABLE_DEBUG_INFO = INCLUDE_SOURCE;
				MTL_FAST_MATH = YES;
				ONLY_ACTIVE_ARCH = YES;
				SDKROOT = iphoneos;
				SWIFT_ACTIVE_COMPILATION_CONDITIONS = DEBUG;
				SWIFT_OPTIMIZATION_LEVEL = "-Onone";
			};
			name = Debug;
		};
		196C4C7A28AE770200C57AFB /* Release */ = {
			isa = XCBuildConfiguration;
			buildSettings = {
				ALWAYS_SEARCH_USER_PATHS = NO;
				CLANG_ANALYZER_NONNULL = YES;
				CLANG_ANALYZER_NUMBER_OBJECT_CONVERSION = YES_AGGRESSIVE;
				CLANG_CXX_LANGUAGE_STANDARD = "gnu++17";
				CLANG_CXX_LIBRARY = "libc++";
				CLANG_ENABLE_MODULES = YES;
				CLANG_ENABLE_OBJC_ARC = YES;
				CLANG_ENABLE_OBJC_WEAK = YES;
				CLANG_WARN_BLOCK_CAPTURE_AUTORELEASING = YES;
				CLANG_WARN_BOOL_CONVERSION = YES;
				CLANG_WARN_COMMA = YES;
				CLANG_WARN_CONSTANT_CONVERSION = YES;
				CLANG_WARN_DEPRECATED_OBJC_IMPLEMENTATIONS = YES;
				CLANG_WARN_DIRECT_OBJC_ISA_USAGE = YES_ERROR;
				CLANG_WARN_DOCUMENTATION_COMMENTS = YES;
				CLANG_WARN_EMPTY_BODY = YES;
				CLANG_WARN_ENUM_CONVERSION = YES;
				CLANG_WARN_INFINITE_RECURSION = YES;
				CLANG_WARN_INT_CONVERSION = YES;
				CLANG_WARN_NON_LITERAL_NULL_CONVERSION = YES;
				CLANG_WARN_OBJC_IMPLICIT_RETAIN_SELF = YES;
				CLANG_WARN_OBJC_LITERAL_CONVERSION = YES;
				CLANG_WARN_OBJC_ROOT_CLASS = YES_ERROR;
				CLANG_WARN_QUOTED_INCLUDE_IN_FRAMEWORK_HEADER = YES;
				CLANG_WARN_RANGE_LOOP_ANALYSIS = YES;
				CLANG_WARN_STRICT_PROTOTYPES = YES;
				CLANG_WARN_SUSPICIOUS_MOVE = YES;
				CLANG_WARN_UNGUARDED_AVAILABILITY = YES_AGGRESSIVE;
				CLANG_WARN_UNREACHABLE_CODE = YES;
				CLANG_WARN__DUPLICATE_METHOD_MATCH = YES;
				COPY_PHASE_STRIP = NO;
				DEBUG_INFORMATION_FORMAT = "dwarf-with-dsym";
				ENABLE_NS_ASSERTIONS = NO;
				ENABLE_STRICT_OBJC_MSGSEND = YES;
				GCC_C_LANGUAGE_STANDARD = gnu11;
				GCC_NO_COMMON_BLOCKS = YES;
				GCC_WARN_64_TO_32_BIT_CONVERSION = YES;
				GCC_WARN_ABOUT_RETURN_TYPE = YES_ERROR;
				GCC_WARN_UNDECLARED_SELECTOR = YES;
				GCC_WARN_UNINITIALIZED_AUTOS = YES_AGGRESSIVE;
				GCC_WARN_UNUSED_FUNCTION = YES;
				GCC_WARN_UNUSED_VARIABLE = YES;
				IPHONEOS_DEPLOYMENT_TARGET = 15.2;
				MTL_ENABLE_DEBUG_INFO = NO;
				MTL_FAST_MATH = YES;
				SDKROOT = iphoneos;
				SWIFT_COMPILATION_MODE = wholemodule;
				SWIFT_OPTIMIZATION_LEVEL = "-O";
				VALIDATE_PRODUCT = YES;
			};
			name = Release;
		};
		196C4C7C28AE770200C57AFB /* Debug */ = {
			isa = XCBuildConfiguration;
			buildSettings = {
				ASSETCATALOG_COMPILER_APPICON_NAME = AppIcon;
				ASSETCATALOG_COMPILER_GLOBAL_ACCENT_COLOR_NAME = AccentColor;
				CODE_SIGN_STYLE = Automatic;
				CURRENT_PROJECT_VERSION = 1;
				DEVELOPMENT_ASSET_PATHS = "\"ChatApp/Preview Content\"";
				DEVELOPMENT_TEAM = MAFXG7D866;
				ENABLE_PREVIEWS = YES;
				GENERATE_INFOPLIST_FILE = YES;
				INFOPLIST_KEY_UIApplicationSceneManifest_Generation = YES;
				INFOPLIST_KEY_UIApplicationSupportsIndirectInputEvents = YES;
				INFOPLIST_KEY_UILaunchScreen_Generation = YES;
				INFOPLIST_KEY_UISupportedInterfaceOrientations_iPad = "UIInterfaceOrientationPortrait UIInterfaceOrientationPortraitUpsideDown UIInterfaceOrientationLandscapeLeft UIInterfaceOrientationLandscapeRight";
				INFOPLIST_KEY_UISupportedInterfaceOrientations_iPhone = "UIInterfaceOrientationPortrait UIInterfaceOrientationLandscapeLeft UIInterfaceOrientationLandscapeRight";
				LD_RUNPATH_SEARCH_PATHS = (
					"$(inherited)",
					"@executable_path/Frameworks",
				);
				MARKETING_VERSION = 1.0;
				PRODUCT_BUNDLE_IDENTIFIER = ujjwalsingh.ChatApp;
				PRODUCT_NAME = "$(TARGET_NAME)";
				SWIFT_EMIT_LOC_STRINGS = YES;
				SWIFT_VERSION = 5.0;
				TARGETED_DEVICE_FAMILY = "1,2";
			};
			name = Debug;
		};
		196C4C7D28AE770200C57AFB /* Release */ = {
			isa = XCBuildConfiguration;
			buildSettings = {
				ASSETCATALOG_COMPILER_APPICON_NAME = AppIcon;
				ASSETCATALOG_COMPILER_GLOBAL_ACCENT_COLOR_NAME = AccentColor;
				CODE_SIGN_STYLE = Automatic;
				CURRENT_PROJECT_VERSION = 1;
				DEVELOPMENT_ASSET_PATHS = "\"ChatApp/Preview Content\"";
				DEVELOPMENT_TEAM = MAFXG7D866;
				ENABLE_PREVIEWS = YES;
				GENERATE_INFOPLIST_FILE = YES;
				INFOPLIST_KEY_UIApplicationSceneManifest_Generation = YES;
				INFOPLIST_KEY_UIApplicationSupportsIndirectInputEvents = YES;
				INFOPLIST_KEY_UILaunchScreen_Generation = YES;
				INFOPLIST_KEY_UISupportedInterfaceOrientations_iPad = "UIInterfaceOrientationPortrait UIInterfaceOrientationPortraitUpsideDown UIInterfaceOrientationLandscapeLeft UIInterfaceOrientationLandscapeRight";
				INFOPLIST_KEY_UISupportedInterfaceOrientations_iPhone = "UIInterfaceOrientationPortrait UIInterfaceOrientationLandscapeLeft UIInterfaceOrientationLandscapeRight";
				LD_RUNPATH_SEARCH_PATHS = (
					"$(inherited)",
					"@executable_path/Frameworks",
				);
				MARKETING_VERSION = 1.0;
				PRODUCT_BUNDLE_IDENTIFIER = ujjwalsingh.ChatApp;
				PRODUCT_NAME = "$(TARGET_NAME)";
				SWIFT_EMIT_LOC_STRINGS = YES;
				SWIFT_VERSION = 5.0;
				TARGETED_DEVICE_FAMILY = "1,2";
			};
			name = Release;
		};
		196C4C7F28AE770200C57AFB /* Debug */ = {
			isa = XCBuildConfiguration;
			buildSettings = {
				ALWAYS_EMBED_SWIFT_STANDARD_LIBRARIES = YES;
				BUNDLE_LOADER = "$(TEST_HOST)";
				CODE_SIGN_STYLE = Automatic;
				CURRENT_PROJECT_VERSION = 1;
				DEVELOPMENT_TEAM = MAFXG7D866;
				GENERATE_INFOPLIST_FILE = YES;
				IPHONEOS_DEPLOYMENT_TARGET = 15.2;
				MARKETING_VERSION = 1.0;
				PRODUCT_BUNDLE_IDENTIFIER = ujjwalsingh.ChatAppTests;
				PRODUCT_NAME = "$(TARGET_NAME)";
				SWIFT_EMIT_LOC_STRINGS = NO;
				SWIFT_VERSION = 5.0;
				TARGETED_DEVICE_FAMILY = "1,2";
				TEST_HOST = "$(BUILT_PRODUCTS_DIR)/ChatApp.app/ChatApp";
			};
			name = Debug;
		};
		196C4C8028AE770200C57AFB /* Release */ = {
			isa = XCBuildConfiguration;
			buildSettings = {
				ALWAYS_EMBED_SWIFT_STANDARD_LIBRARIES = YES;
				BUNDLE_LOADER = "$(TEST_HOST)";
				CODE_SIGN_STYLE = Automatic;
				CURRENT_PROJECT_VERSION = 1;
				DEVELOPMENT_TEAM = MAFXG7D866;
				GENERATE_INFOPLIST_FILE = YES;
				IPHONEOS_DEPLOYMENT_TARGET = 15.2;
				MARKETING_VERSION = 1.0;
				PRODUCT_BUNDLE_IDENTIFIER = ujjwalsingh.ChatAppTests;
				PRODUCT_NAME = "$(TARGET_NAME)";
				SWIFT_EMIT_LOC_STRINGS = NO;
				SWIFT_VERSION = 5.0;
				TARGETED_DEVICE_FAMILY = "1,2";
				TEST_HOST = "$(BUILT_PRODUCTS_DIR)/ChatApp.app/ChatApp";
			};
			name = Release;
		};
		196C4C8228AE770200C57AFB /* Debug */ = {
			isa = XCBuildConfiguration;
			buildSettings = {
				ALWAYS_EMBED_SWIFT_STANDARD_LIBRARIES = YES;
				CODE_SIGN_STYLE = Automatic;
				CURRENT_PROJECT_VERSION = 1;
				DEVELOPMENT_TEAM = MAFXG7D866;
				GENERATE_INFOPLIST_FILE = YES;
				MARKETING_VERSION = 1.0;
				PRODUCT_BUNDLE_IDENTIFIER = ujjwalsingh.ChatAppUITests;
				PRODUCT_NAME = "$(TARGET_NAME)";
				SWIFT_EMIT_LOC_STRINGS = NO;
				SWIFT_VERSION = 5.0;
				TARGETED_DEVICE_FAMILY = "1,2";
				TEST_TARGET_NAME = ChatApp;
			};
			name = Debug;
		};
		196C4C8328AE770200C57AFB /* Release */ = {
			isa = XCBuildConfiguration;
			buildSettings = {
				ALWAYS_EMBED_SWIFT_STANDARD_LIBRARIES = YES;
				CODE_SIGN_STYLE = Automatic;
				CURRENT_PROJECT_VERSION = 1;
				DEVELOPMENT_TEAM = MAFXG7D866;
				GENERATE_INFOPLIST_FILE = YES;
				MARKETING_VERSION = 1.0;
				PRODUCT_BUNDLE_IDENTIFIER = ujjwalsingh.ChatAppUITests;
				PRODUCT_NAME = "$(TARGET_NAME)";
				SWIFT_EMIT_LOC_STRINGS = NO;
				SWIFT_VERSION = 5.0;
				TARGETED_DEVICE_FAMILY = "1,2";
				TEST_TARGET_NAME = ChatApp;
			};
			name = Release;
		};
/* End XCBuildConfiguration section */

/* Begin XCConfigurationList section */
		196C4C5228AE770000C57AFB /* Build configuration list for PBXProject "ChatApp" */ = {
			isa = XCConfigurationList;
			buildConfigurations = (
				196C4C7928AE770200C57AFB /* Debug */,
				196C4C7A28AE770200C57AFB /* Release */,
			);
			defaultConfigurationIsVisible = 0;
			defaultConfigurationName = Release;
		};
		196C4C7B28AE770200C57AFB /* Build configuration list for PBXNativeTarget "ChatApp" */ = {
			isa = XCConfigurationList;
			buildConfigurations = (
				196C4C7C28AE770200C57AFB /* Debug */,
				196C4C7D28AE770200C57AFB /* Release */,
			);
			defaultConfigurationIsVisible = 0;
			defaultConfigurationName = Release;
		};
		196C4C7E28AE770200C57AFB /* Build configuration list for PBXNativeTarget "ChatAppTests" */ = {
			isa = XCConfigurationList;
			buildConfigurations = (
				196C4C7F28AE770200C57AFB /* Debug */,
				196C4C8028AE770200C57AFB /* Release */,
			);
			defaultConfigurationIsVisible = 0;
			defaultConfigurationName = Release;
		};
		196C4C8128AE770200C57AFB /* Build configuration list for PBXNativeTarget "ChatAppUITests" */ = {
			isa = XCConfigurationList;
			buildConfigurations = (
				196C4C8228AE770200C57AFB /* Debug */,
				196C4C8328AE770200C57AFB /* Release */,
			);
			defaultConfigurationIsVisible = 0;
			defaultConfigurationName = Release;
		};
/* End XCConfigurationList section */
	};
	rootObject = 196C4C4F28AE770000C57AFB /* Project object */;
}
